
Microsoft Visual Studio Solution File, Format Version 12.00
# Visual Studio 15
VisualStudioVersion = 15.0.28307.1684
MinimumVisualStudioVersion = 10.0.40219.1
Project("{9A19103F-16F7-4668-BE54-9A1E7A4F7556}") = "RapidFire_Master", "RapidFire_Master\RapidFire_Master.csproj", "{97818B2C-B7D7-4A8C-90C4-757C56D4C1C8}"
EndProject
Project("{FAE04EC0-301F-11D3-BF4B-00C04F79EFBC}") = "RapidFire_MasterServer", "RapidFire_Assembly\RapidFire_MasterServer.csproj", "{88CBB017-D1DE-4333-B79B-9B2E58D25970}"
EndProject
Global
	GlobalSection(SolutionConfigurationPlatforms) = preSolution
		Debug|Any CPU = Debug|Any CPU
		Release|Any CPU = Release|Any CPU
	EndGlobalSection
	GlobalSection(ProjectConfigurationPlatforms) = postSolution
		{97818B2C-B7D7-4A8C-90C4-757C56D4C1C8}.Debug|Any CPU.ActiveCfg = Debug|Any CPU
		{97818B2C-B7D7-4A8C-90C4-757C56D4C1C8}.Debug|Any CPU.Build.0 = Debug|Any CPU
		{97818B2C-B7D7-4A8C-90C4-757C56D4C1C8}.Release|Any CPU.ActiveCfg = Release|Any CPU
		{97818B2C-B7D7-4A8C-90C4-757C56D4C1C8}.Release|Any CPU.Build.0 = Release|Any CPU
		{88CBB017-D1DE-4333-B79B-9B2E58D25970}.Debug|Any CPU.ActiveCfg = Debug|Any CPU
		{88CBB017-D1DE-4333-B79B-9B2E58D25970}.Debug|Any CPU.Build.0 = Debug|Any CPU
		{88CBB017-D1DE-4333-B79B-9B2E58D25970}.Release|Any CPU.ActiveCfg = Release|Any CPU
		{88CBB017-D1DE-4333-B79B-9B2E58D25970}.Release|Any CPU.Build.0 = Release|Any CPU
	EndGlobalSection
	GlobalSection(SolutionProperties) = preSolution
		HideSolutionNode = FALSE
	EndGlobalSection
	GlobalSection(ExtensibilityGlobals) = postSolution
		SolutionGuid = {F25553B5-1734-4AD4-B100-36F511B5859E}
	EndGlobalSection
EndGlobal
